
Microsoft Visual Studio Solution File, Format Version 12.00
# Visual Studio 15
VisualStudioVersion = 15.0.28307.1622
MinimumVisualStudioVersion = 10.0.40219.1
Project("{FAE04EC0-301F-11D3-BF4B-00C04F79EFBC}") = "N2_QUIZ", "N2_QUIZ\N2_QUIZ.csproj", "{6DA35323-D682-4F1E-B5A5-E0A85E95EE26}"
EndProject
Global
	GlobalSection(SolutionConfigurationPlatforms) = preSolution
		Debug|Any CPU = Debug|Any CPU
		Release|Any CPU = Release|Any CPU
	EndGlobalSection
	GlobalSection(ProjectConfigurationPlatforms) = postSolution
		{6DA35323-D682-4F1E-B5A5-E0A85E95EE26}.Debug|Any CPU.ActiveCfg = Debug|Any CPU
		{6DA35323-D682-4F1E-B5A5-E0A85E95EE26}.Debug|Any CPU.Build.0 = Debug|Any CPU
		{6DA35323-D682-4F1E-B5A5-E0A85E95EE26}.Release|Any CPU.ActiveCfg = Release|Any CPU
		{6DA35323-D682-4F1E-B5A5-E0A85E95EE26}.Release|Any CPU.Build.0 = Release|Any CPU
	EndGlobalSection
	GlobalSection(SolutionProperties) = preSolution
		HideSolutionNode = FALSE
	EndGlobalSection
	GlobalSection(ExtensibilityGlobals) = postSolution
		SolutionGuid = {A2E9F6FB-F27A-4E4C-BC6C-69602C26C6F2}
	EndGlobalSection
EndGlobal
